#MicroXplorer Configuration settings - do not modify
ADC1.Channel-0\#ChannelRegularConversion=ADC_CHANNEL_0
ADC1.Channel-1\#ChannelRegularConversion=ADC_CHANNEL_2
ADC1.Channel-10\#ChannelRegularConversion=ADC_CHANNEL_14
ADC1.Channel-11\#ChannelRegularConversion=ADC_CHANNEL_15
ADC1.Channel-2\#ChannelRegularConversion=ADC_CHANNEL_VREFINT
ADC1.Channel-3\#ChannelRegularConversion=ADC_CHANNEL_7
ADC1.Channel-4\#ChannelRegularConversion=ADC_CHANNEL_8
ADC1.Channel-5\#ChannelRegularConversion=ADC_CHANNEL_9
ADC1.Channel-6\#ChannelRegularConversion=ADC_CHANNEL_10
ADC1.Channel-7\#ChannelRegularConversion=ADC_CHANNEL_11
ADC1.Channel-8\#ChannelRegularConversion=ADC_CHANNEL_12
ADC1.Channel-9\#ChannelRegularConversion=ADC_CHANNEL_13
ADC1.ClockPrescaler=ADC_CLOCK_SYNC_PCLK_DIV4
ADC1.ContinuousConvMode=ENABLE
ADC1.DMAContinuousRequests=ENABLE
ADC1.DataAlign=ADC_DATAALIGN_RIGHT
ADC1.DiscontinuousConvMode=DISABLE
ADC1.EOCSelection=ADC_EOC_SEQ_CONV
ADC1.EnableAnalogWatchDog=false
ADC1.ExternalTrigConv=ADC_SOFTWARE_START
ADC1.ExternalTrigConvEdge=ADC_EXTERNALTRIGCONVEDGE_NONE
ADC1.IPParameters=Rank-0\#ChannelRegularConversion,Channel-0\#ChannelRegularConversion,SamplingTime-0\#ChannelRegularConversion,NbrOfConversionFlag,master,ClockPrescaler,Resolution,DataAlign,ScanConvMode,ContinuousConvMode,DiscontinuousConvMode,DMAContinuousRequests,EOCSelection,NbrOfConversion,ExternalTrigConv,ExternalTrigConvEdge,InjNumberOfConversion,EnableAnalogWatchDog,Rank-1\#ChannelRegularConversion,Channel-1\#ChannelRegularConversion,SamplingTime-1\#ChannelRegularConversion,Rank-2\#ChannelRegularConversion,Channel-2\#ChannelRegularConversion,SamplingTime-2\#ChannelRegularConversion,Rank-3\#ChannelRegularConversion,Channel-3\#ChannelRegularConversion,SamplingTime-3\#ChannelRegularConversion,Rank-4\#ChannelRegularConversion,Channel-4\#ChannelRegularConversion,SamplingTime-4\#ChannelRegularConversion,Rank-5\#ChannelRegularConversion,Channel-5\#ChannelRegularConversion,SamplingTime-5\#ChannelRegularConversion,Rank-6\#ChannelRegularConversion,Channel-6\#ChannelRegularConversion,SamplingTime-6\#ChannelRegularConversion,Rank-7\#ChannelRegularConversion,Channel-7\#ChannelRegularConversion,SamplingTime-7\#ChannelRegularConversion,Rank-8\#ChannelRegularConversion,Channel-8\#ChannelRegularConversion,SamplingTime-8\#ChannelRegularConversion,Rank-9\#ChannelRegularConversion,Channel-9\#ChannelRegularConversion,SamplingTime-9\#ChannelRegularConversion,Rank-10\#ChannelRegularConversion,Channel-10\#ChannelRegularConversion,SamplingTime-10\#ChannelRegularConversion,Rank-11\#ChannelRegularConversion,Channel-11\#ChannelRegularConversion,SamplingTime-11\#ChannelRegularConversion
ADC1.InjNumberOfConversion=0
ADC1.NbrOfConversion=12
ADC1.NbrOfConversionFlag=1
ADC1.Rank-0\#ChannelRegularConversion=1
ADC1.Rank-1\#ChannelRegularConversion=2
ADC1.Rank-10\#ChannelRegularConversion=11
ADC1.Rank-11\#ChannelRegularConversion=12
ADC1.Rank-2\#ChannelRegularConversion=3
ADC1.Rank-3\#ChannelRegularConversion=4
ADC1.Rank-4\#ChannelRegularConversion=5
ADC1.Rank-5\#ChannelRegularConversion=6
ADC1.Rank-6\#ChannelRegularConversion=7
ADC1.Rank-7\#ChannelRegularConversion=8
ADC1.Rank-8\#ChannelRegularConversion=9
ADC1.Rank-9\#ChannelRegularConversion=10
ADC1.Resolution=ADC_RESOLUTION_12B
ADC1.SamplingTime-0\#ChannelRegularConversion=ADC_SAMPLETIME_480CYCLES
ADC1.SamplingTime-1\#ChannelRegularConversion=ADC_SAMPLETIME_480CYCLES
ADC1.SamplingTime-10\#ChannelRegularConversion=ADC_SAMPLETIME_480CYCLES
ADC1.SamplingTime-11\#ChannelRegularConversion=ADC_SAMPLETIME_480CYCLES
ADC1.SamplingTime-2\#ChannelRegularConversion=ADC_SAMPLETIME_480CYCLES
ADC1.SamplingTime-3\#ChannelRegularConversion=ADC_SAMPLETIME_480CYCLES
ADC1.SamplingTime-4\#ChannelRegularConversion=ADC_SAMPLETIME_480CYCLES
ADC1.SamplingTime-5\#ChannelRegularConversion=ADC_SAMPLETIME_480CYCLES
ADC1.SamplingTime-6\#ChannelRegularConversion=ADC_SAMPLETIME_480CYCLES
ADC1.SamplingTime-7\#ChannelRegularConversion=ADC_SAMPLETIME_480CYCLES
ADC1.SamplingTime-8\#ChannelRegularConversion=ADC_SAMPLETIME_480CYCLES
ADC1.SamplingTime-9\#ChannelRegularConversion=ADC_SAMPLETIME_480CYCLES
ADC1.ScanConvMode=ENABLE
ADC1.master=1
ADC2.Channel-0\#ChannelRegularConversion=ADC_CHANNEL_9
ADC2.ContinuousConvMode=DISABLE
ADC2.DMAContinuousRequests=DISABLE
ADC2.DataAlign=ADC_DATAALIGN_RIGHT
ADC2.DiscontinuousConvMode=DISABLE
ADC2.EOCSelection=ADC_EOC_SINGLE_CONV
ADC2.EnableAnalogWatchDog=false
ADC2.IPParameters=Rank-0\#ChannelRegularConversion,Channel-0\#ChannelRegularConversion,SamplingTime-0\#ChannelRegularConversion,NbrOfConversionFlag,Resolution,DataAlign,ScanConvMode,ContinuousConvMode,DiscontinuousConvMode,DMAContinuousRequests,EOCSelection,NbrOfConversion,InjNumberOfConversion,EnableAnalogWatchDog
ADC2.InjNumberOfConversion=0
ADC2.NbrOfConversion=1
ADC2.NbrOfConversionFlag=1
ADC2.Rank-0\#ChannelRegularConversion=1
ADC2.Resolution=ADC_RESOLUTION_12B
ADC2.SamplingTime-0\#ChannelRegularConversion=ADC_SAMPLETIME_3CYCLES
ADC2.ScanConvMode=DISABLE
ADC3.Channel-0\#ChannelRegularConversion=ADC_CHANNEL_6
ADC3.Channel-6\#ChannelRegularConversion=ADC_CHANNEL_7
ADC3.Channel-7\#ChannelRegularConversion=ADC_CHANNEL_8
ADC3.ContinuousConvMode=ENABLE
ADC3.DMAContinuousRequests=ENABLE
ADC3.DataAlign=ADC_DATAALIGN_RIGHT
ADC3.DiscontinuousConvMode=DISABLE
ADC3.EOCSelection=ADC_EOC_SEQ_CONV
ADC3.EnableAnalogWatchDog=false
ADC3.ExternalTrigConv=ADC_SOFTWARE_START
ADC3.ExternalTrigConvEdge=ADC_EXTERNALTRIGCONVEDGE_NONE
ADC3.IPParameters=Rank-0\#ChannelRegularConversion,Channel-0\#ChannelRegularConversion,SamplingTime-0\#ChannelRegularConversion,NbrOfConversionFlag,Resolution,DataAlign,ScanConvMode,ContinuousConvMode,DiscontinuousConvMode,DMAContinuousRequests,EOCSelection,NbrOfConversion,InjNumberOfConversion,EnableAnalogWatchDog,Rank-6\#ChannelRegularConversion,Channel-6\#ChannelRegularConversion,SamplingTime-6\#ChannelRegularConversion,Rank-7\#ChannelRegularConversion,Channel-7\#ChannelRegularConversion,SamplingTime-7\#ChannelRegularConversion,ExternalTrigConv,ExternalTrigConvEdge
ADC3.InjNumberOfConversion=0
ADC3.NbrOfConversion=3
ADC3.NbrOfConversionFlag=1
ADC3.Rank-0\#ChannelRegularConversion=1
ADC3.Rank-6\#ChannelRegularConversion=2
ADC3.Rank-7\#ChannelRegularConversion=3
ADC3.Resolution=ADC_RESOLUTION_12B
ADC3.SamplingTime-0\#ChannelRegularConversion=ADC_SAMPLETIME_480CYCLES
ADC3.SamplingTime-6\#ChannelRegularConversion=ADC_SAMPLETIME_480CYCLES
ADC3.SamplingTime-7\#ChannelRegularConversion=ADC_SAMPLETIME_480CYCLES
ADC3.ScanConvMode=ENABLE
Dma.ADC1.0.Direction=DMA_PERIPH_TO_MEMORY
Dma.ADC1.0.FIFOMode=DMA_FIFOMODE_DISABLE
Dma.ADC1.0.Instance=DMA2_Stream0
Dma.ADC1.0.MemDataAlignment=DMA_MDATAALIGN_HALFWORD
Dma.ADC1.0.MemInc=DMA_MINC_ENABLE
Dma.ADC1.0.Mode=DMA_CIRCULAR
Dma.ADC1.0.PeriphDataAlignment=DMA_PDATAALIGN_HALFWORD
Dma.ADC1.0.PeriphInc=DMA_PINC_DISABLE
Dma.ADC1.0.Priority=DMA_PRIORITY_LOW
Dma.ADC1.0.RequestParameters=Instance,Direction,PeriphInc,MemInc,PeriphDataAlignment,MemDataAlignment,Mode,Priority,FIFOMode
Dma.ADC3.1.Direction=DMA_PERIPH_TO_MEMORY
Dma.ADC3.1.FIFOMode=DMA_FIFOMODE_DISABLE
Dma.ADC3.1.Instance=DMA2_Stream1
Dma.ADC3.1.MemDataAlignment=DMA_MDATAALIGN_HALFWORD
Dma.ADC3.1.MemInc=DMA_MINC_ENABLE
Dma.ADC3.1.Mode=DMA_CIRCULAR
Dma.ADC3.1.PeriphDataAlignment=DMA_PDATAALIGN_HALFWORD
Dma.ADC3.1.PeriphInc=DMA_PINC_DISABLE
Dma.ADC3.1.Priority=DMA_PRIORITY_LOW
Dma.ADC3.1.RequestParameters=Instance,Direction,PeriphInc,MemInc,PeriphDataAlignment,MemDataAlignment,Mode,Priority,FIFOMode
Dma.I2C1_RX.2.Direction=DMA_PERIPH_TO_MEMORY
Dma.I2C1_RX.2.FIFOMode=DMA_FIFOMODE_ENABLE
Dma.I2C1_RX.2.FIFOThreshold=DMA_FIFO_THRESHOLD_FULL
Dma.I2C1_RX.2.Instance=DMA1_Stream0
Dma.I2C1_RX.2.MemBurst=DMA_MBURST_SINGLE
Dma.I2C1_RX.2.MemDataAlignment=DMA_MDATAALIGN_BYTE
Dma.I2C1_RX.2.MemInc=DMA_MINC_ENABLE
Dma.I2C1_RX.2.Mode=DMA_NORMAL
Dma.I2C1_RX.2.PeriphBurst=DMA_PBURST_SINGLE
Dma.I2C1_RX.2.PeriphDataAlignment=DMA_PDATAALIGN_BYTE
Dma.I2C1_RX.2.PeriphInc=DMA_PINC_DISABLE
Dma.I2C1_RX.2.Priority=DMA_PRIORITY_LOW
Dma.I2C1_RX.2.RequestParameters=Instance,Direction,PeriphInc,MemInc,PeriphDataAlignment,MemDataAlignment,Mode,Priority,FIFOMode,FIFOThreshold,MemBurst,PeriphBurst
Dma.I2C1_TX.3.Direction=DMA_MEMORY_TO_PERIPH
Dma.I2C1_TX.3.FIFOMode=DMA_FIFOMODE_ENABLE
Dma.I2C1_TX.3.FIFOThreshold=DMA_FIFO_THRESHOLD_FULL
Dma.I2C1_TX.3.Instance=DMA1_Stream6
Dma.I2C1_TX.3.MemBurst=DMA_MBURST_SINGLE
Dma.I2C1_TX.3.MemDataAlignment=DMA_MDATAALIGN_BYTE
Dma.I2C1_TX.3.MemInc=DMA_MINC_ENABLE
Dma.I2C1_TX.3.Mode=DMA_NORMAL
Dma.I2C1_TX.3.PeriphBurst=DMA_PBURST_SINGLE
Dma.I2C1_TX.3.PeriphDataAlignment=DMA_PDATAALIGN_BYTE
Dma.I2C1_TX.3.PeriphInc=DMA_PINC_DISABLE
Dma.I2C1_TX.3.Priority=DMA_PRIORITY_LOW
Dma.I2C1_TX.3.RequestParameters=Instance,Direction,PeriphInc,MemInc,PeriphDataAlignment,MemDataAlignment,Mode,Priority,FIFOMode,FIFOThreshold,MemBurst,PeriphBurst
Dma.I2C2_RX.4.Direction=DMA_PERIPH_TO_MEMORY
Dma.I2C2_RX.4.FIFOMode=DMA_FIFOMODE_ENABLE
Dma.I2C2_RX.4.FIFOThreshold=DMA_FIFO_THRESHOLD_FULL
Dma.I2C2_RX.4.Instance=DMA1_Stream2
Dma.I2C2_RX.4.MemBurst=DMA_MBURST_SINGLE
Dma.I2C2_RX.4.MemDataAlignment=DMA_MDATAALIGN_BYTE
Dma.I2C2_RX.4.MemInc=DMA_MINC_ENABLE
Dma.I2C2_RX.4.Mode=DMA_NORMAL
Dma.I2C2_RX.4.PeriphBurst=DMA_PBURST_SINGLE
Dma.I2C2_RX.4.PeriphDataAlignment=DMA_PDATAALIGN_BYTE
Dma.I2C2_RX.4.PeriphInc=DMA_PINC_DISABLE
Dma.I2C2_RX.4.Priority=DMA_PRIORITY_LOW
Dma.I2C2_RX.4.RequestParameters=Instance,Direction,PeriphInc,MemInc,PeriphDataAlignment,MemDataAlignment,Mode,Priority,FIFOMode,FIFOThreshold,MemBurst,PeriphBurst
Dma.I2C2_TX.5.Direction=DMA_MEMORY_TO_PERIPH
Dma.I2C2_TX.5.FIFOMode=DMA_FIFOMODE_ENABLE
Dma.I2C2_TX.5.FIFOThreshold=DMA_FIFO_THRESHOLD_FULL
Dma.I2C2_TX.5.Instance=DMA1_Stream7
Dma.I2C2_TX.5.MemBurst=DMA_MBURST_SINGLE
Dma.I2C2_TX.5.MemDataAlignment=DMA_MDATAALIGN_BYTE
Dma.I2C2_TX.5.MemInc=DMA_MINC_ENABLE
Dma.I2C2_TX.5.Mode=DMA_NORMAL
Dma.I2C2_TX.5.PeriphBurst=DMA_PBURST_SINGLE
Dma.I2C2_TX.5.PeriphDataAlignment=DMA_PDATAALIGN_BYTE
Dma.I2C2_TX.5.PeriphInc=DMA_PINC_DISABLE
Dma.I2C2_TX.5.Priority=DMA_PRIORITY_LOW
Dma.I2C2_TX.5.RequestParameters=Instance,Direction,PeriphInc,MemInc,PeriphDataAlignment,MemDataAlignment,Mode,Priority,FIFOMode,FIFOThreshold,MemBurst,PeriphBurst
Dma.Request0=ADC1
Dma.Request1=ADC3
Dma.Request2=I2C1_RX
Dma.Request3=I2C1_TX
Dma.Request4=I2C2_RX
Dma.Request5=I2C2_TX
Dma.Request6=TIM8_CH4/TRIG/COM
Dma.RequestsNb=7
Dma.TIM8_CH4/TRIG/COM.6.Direction=DMA_MEMORY_TO_PERIPH
Dma.TIM8_CH4/TRIG/COM.6.FIFOMode=DMA_FIFOMODE_DISABLE
Dma.TIM8_CH4/TRIG/COM.6.Instance=DMA2_Stream7
Dma.TIM8_CH4/TRIG/COM.6.MemDataAlignment=DMA_MDATAALIGN_HALFWORD
Dma.TIM8_CH4/TRIG/COM.6.MemInc=DMA_MINC_ENABLE
Dma.TIM8_CH4/TRIG/COM.6.Mode=DMA_CIRCULAR
Dma.TIM8_CH4/TRIG/COM.6.PeriphDataAlignment=DMA_PDATAALIGN_HALFWORD
Dma.TIM8_CH4/TRIG/COM.6.PeriphInc=DMA_PINC_DISABLE
Dma.TIM8_CH4/TRIG/COM.6.Priority=DMA_PRIORITY_LOW
Dma.TIM8_CH4/TRIG/COM.6.RequestParameters=Instance,Direction,PeriphInc,MemInc,PeriphDataAlignment,MemDataAlignment,Mode,Priority,FIFOMode
FMC.CASLatency1=FMC_SDRAM_CAS_LATENCY_3
FMC.ColumnBitsNumber1=FMC_SDRAM_COLUMN_BITS_NUM_9
FMC.ExitSelfRefreshDelay1=10
FMC.IPParameters=ColumnBitsNumber1,ReadPipeDelay1,ReadPipeDelay2,CASLatency1,ReadBurst1,ReadBurst2,SDClockPeriod1,SDClockPeriod2,LoadToActiveDelay1,ExitSelfRefreshDelay1,SelfRefreshTime1,RowCycleDelay1,RowCycleDelay2,WriteRecoveryTime1,RPDelay1,RPDelay2,RCDDelay1
FMC.LoadToActiveDelay1=3
FMC.RCDDelay1=4
FMC.RPDelay1=4
FMC.RPDelay2=4
FMC.ReadBurst1=FMC_SDRAM_RBURST_ENABLE
FMC.ReadBurst2=FMC_SDRAM_RBURST_ENABLE
FMC.ReadPipeDelay1=FMC_SDRAM_RPIPE_DELAY_1
FMC.ReadPipeDelay2=FMC_SDRAM_RPIPE_DELAY_1
FMC.RowCycleDelay1=8
FMC.RowCycleDelay2=8
FMC.SDClockPeriod1=FMC_SDRAM_CLOCK_PERIOD_2
FMC.SDClockPeriod2=FMC_SDRAM_CLOCK_PERIOD_2
FMC.SelfRefreshTime1=8
FMC.WriteRecoveryTime1=4
FREERTOS.FootprintOK=true
FREERTOS.IPParameters=Tasks01,FootprintOK,configUSE_TICK_HOOK,configUSE_TIMERS
FREERTOS.Tasks01=base_task,0,256,Base_Task,As weak,NULL,Dynamic,NULL,NULL;control_task,3,256,Control_task,As weak,NULL,Dynamic,NULL,NULL;adc_task,2,256,ADC_Task,As weak,NULL,Dynamic,NULL,NULL;comm_task,1,256,Comm_Task,As weak,NULL,Dynamic,NULL,NULL;main_task,0,256,Main_Task,As weak,NULL,Dynamic,NULL,NULL;mem_task,-1,256,Memory_Task,As weak,NULL,Dynamic,NULL,NULL
FREERTOS.configUSE_TICK_HOOK=1
FREERTOS.configUSE_TIMERS=1
File.Version=6
I2C2.AddressingMode=I2C_ADDRESSINGMODE_10BIT
I2C2.IPParameters=AddressingMode
KeepUserPlacement=false
Mcu.Family=STM32F4
Mcu.IP0=ADC1
Mcu.IP1=ADC2
Mcu.IP10=RCC
Mcu.IP11=RTC
Mcu.IP12=SPI1
Mcu.IP13=SPI4
Mcu.IP14=SYS
Mcu.IP15=TIM4
Mcu.IP16=TIM5
Mcu.IP17=TIM6
Mcu.IP18=TIM7
Mcu.IP19=TIM8
Mcu.IP2=ADC3
Mcu.IP20=UART4
Mcu.IP21=UART5
Mcu.IP22=UART7
Mcu.IP23=USART1
Mcu.IP24=USART2
Mcu.IP25=USART3
Mcu.IP3=DMA
Mcu.IP4=FMC
Mcu.IP5=FREERTOS
Mcu.IP6=I2C1
Mcu.IP7=I2C2
Mcu.IP8=I2C3
Mcu.IP9=NVIC
Mcu.IPNb=26
Mcu.Name=STM32F439B(G-I)Tx
Mcu.Package=LQFP208
Mcu.Pin0=PE2
Mcu.Pin1=PE4
Mcu.Pin10=PI11
Mcu.Pin100=PA11
Mcu.Pin101=PA12
Mcu.Pin102=PA13
Mcu.Pin103=PH13
Mcu.Pin104=PH14
Mcu.Pin105=PH15
Mcu.Pin106=PI0
Mcu.Pin107=PI1
Mcu.Pin108=PI2
Mcu.Pin109=PI3
Mcu.Pin11=PF0
Mcu.Pin110=PA14
Mcu.Pin111=PA15
Mcu.Pin112=PC10
Mcu.Pin113=PC11
Mcu.Pin114=PC12
Mcu.Pin115=PD0
Mcu.Pin116=PD1
Mcu.Pin117=PD2
Mcu.Pin118=PD5
Mcu.Pin119=PD6
Mcu.Pin12=PF1
Mcu.Pin120=PJ15
Mcu.Pin121=PG10
Mcu.Pin122=PG11
Mcu.Pin123=PG12
Mcu.Pin124=PG13
Mcu.Pin125=PK3
Mcu.Pin126=PK4
Mcu.Pin127=PK5
Mcu.Pin128=PK6
Mcu.Pin129=PK7
Mcu.Pin13=PF2
Mcu.Pin130=PG15
Mcu.Pin131=PB3
Mcu.Pin132=PB4
Mcu.Pin133=PB5
Mcu.Pin134=PB6
Mcu.Pin135=PB7
Mcu.Pin136=PE0
Mcu.Pin137=PE1
Mcu.Pin138=VP_ADC1_Vref_Input
Mcu.Pin139=VP_FREERTOS_VS_ENABLE
Mcu.Pin14=PI12
Mcu.Pin140=VP_RTC_VS_RTC_Activate
Mcu.Pin141=VP_RTC_VS_RTC_Calendar
Mcu.Pin142=VP_RTC_VS_RTC_WakeUp_intern
Mcu.Pin143=VP_SYS_VS_Systick
Mcu.Pin144=VP_TIM6_VS_ClockSourceINT
Mcu.Pin145=VP_TIM7_VS_ClockSourceINT
Mcu.Pin146=VP_TIM8_VS_ClockSourceINT
Mcu.Pin15=PI13
Mcu.Pin16=PI14
Mcu.Pin17=PF3
Mcu.Pin18=PF4
Mcu.Pin19=PF5
Mcu.Pin2=PE5
Mcu.Pin20=PF6
Mcu.Pin21=PF7
Mcu.Pin22=PF8
Mcu.Pin23=PF9
Mcu.Pin24=PF10
Mcu.Pin25=PH0/OSC_IN
Mcu.Pin26=PH1/OSC_OUT
Mcu.Pin27=PC0
Mcu.Pin28=PC1
Mcu.Pin29=PC2
Mcu.Pin3=PE6
Mcu.Pin30=PC3
Mcu.Pin31=PA0/WKUP
Mcu.Pin32=PA1
Mcu.Pin33=PA2
Mcu.Pin34=PH3
Mcu.Pin35=PH4
Mcu.Pin36=PH5
Mcu.Pin37=PA3
Mcu.Pin38=PA4
Mcu.Pin39=PA5
Mcu.Pin4=PI8
Mcu.Pin40=PA6
Mcu.Pin41=PA7
Mcu.Pin42=PC4
Mcu.Pin43=PC5
Mcu.Pin44=PB0
Mcu.Pin45=PB1
Mcu.Pin46=PI15
Mcu.Pin47=PJ0
Mcu.Pin48=PJ1
Mcu.Pin49=PJ2
Mcu.Pin5=PC13
Mcu.Pin50=PJ3
Mcu.Pin51=PJ4
Mcu.Pin52=PF11
Mcu.Pin53=PF12
Mcu.Pin54=PF13
Mcu.Pin55=PF14
Mcu.Pin56=PF15
Mcu.Pin57=PG0
Mcu.Pin58=PG1
Mcu.Pin59=PE7
Mcu.Pin6=PC14/OSC32_IN
Mcu.Pin60=PE8
Mcu.Pin61=PE9
Mcu.Pin62=PE10
Mcu.Pin63=PE11
Mcu.Pin64=PE12
Mcu.Pin65=PE13
Mcu.Pin66=PE14
Mcu.Pin67=PE15
Mcu.Pin68=PB10
Mcu.Pin69=PB11
Mcu.Pin7=PC15/OSC32_OUT
Mcu.Pin70=PJ5
Mcu.Pin71=PH6
Mcu.Pin72=PH7
Mcu.Pin73=PH8
Mcu.Pin74=PH10
Mcu.Pin75=PH11
Mcu.Pin76=PH12
Mcu.Pin77=PD8
Mcu.Pin78=PD9
Mcu.Pin79=PD10
Mcu.Pin8=PI9
Mcu.Pin80=PD11
Mcu.Pin81=PD12
Mcu.Pin82=PD13
Mcu.Pin83=PD14
Mcu.Pin84=PD15
Mcu.Pin85=PJ6
Mcu.Pin86=PJ7
Mcu.Pin87=PJ8
Mcu.Pin88=PJ9
Mcu.Pin89=PG2
Mcu.Pin9=PI10
Mcu.Pin90=PG4
Mcu.Pin91=PG5
Mcu.Pin92=PG8
Mcu.Pin93=PC6
Mcu.Pin94=PC7
Mcu.Pin95=PC8
Mcu.Pin96=PC9
Mcu.Pin97=PA8
Mcu.Pin98=PA9
Mcu.Pin99=PA10
Mcu.PinsNb=147
Mcu.ThirdPartyNb=0
Mcu.UserConstants=
Mcu.UserName=STM32F439BITx
MxCube.Version=5.0.1
MxDb.Version=DB.5.0.1
NVIC.BusFault_IRQn=true\:0\:0\:false\:false\:true\:false\:false
NVIC.DMA1_Stream0_IRQn=true\:5\:0\:false\:false\:true\:true\:false
NVIC.DMA1_Stream2_IRQn=true\:5\:0\:false\:false\:true\:true\:false
NVIC.DMA1_Stream6_IRQn=true\:5\:0\:false\:false\:true\:true\:false
NVIC.DMA1_Stream7_IRQn=true\:5\:0\:false\:false\:true\:true\:false
NVIC.DMA2_Stream0_IRQn=true\:5\:0\:false\:false\:true\:true\:false
NVIC.DMA2_Stream1_IRQn=true\:5\:0\:false\:false\:true\:true\:false
NVIC.DMA2_Stream7_IRQn=true\:5\:0\:false\:false\:true\:true\:false
NVIC.DebugMonitor_IRQn=true\:0\:0\:false\:false\:true\:false\:false
NVIC.HardFault_IRQn=true\:0\:0\:false\:false\:true\:false\:false
NVIC.I2C2_ER_IRQn=true\:5\:0\:false\:false\:true\:true\:true
NVIC.I2C2_EV_IRQn=true\:5\:0\:false\:false\:true\:true\:true
NVIC.I2C3_ER_IRQn=true\:5\:0\:false\:false\:true\:true\:true
NVIC.I2C3_EV_IRQn=true\:5\:0\:false\:false\:true\:true\:true
NVIC.MemoryManagement_IRQn=true\:0\:0\:false\:false\:true\:false\:false
NVIC.NonMaskableInt_IRQn=true\:0\:0\:false\:false\:true\:false\:false
NVIC.PendSV_IRQn=true\:15\:0\:false\:false\:false\:true\:false
NVIC.PriorityGroup=NVIC_PRIORITYGROUP_4
NVIC.SPI1_IRQn=true\:5\:0\:false\:false\:true\:true\:true
NVIC.SPI4_IRQn=true\:5\:0\:false\:false\:true\:true\:true
NVIC.SVCall_IRQn=true\:0\:0\:false\:false\:false\:false\:false
NVIC.SysTick_IRQn=true\:15\:0\:false\:false\:true\:true\:false
NVIC.TIM4_IRQn=true\:5\:0\:false\:false\:true\:true\:true
NVIC.TIM6_DAC_IRQn=true\:5\:0\:false\:false\:true\:true\:true
NVIC.TIM7_IRQn=true\:5\:0\:false\:false\:true\:true\:true
NVIC.UART4_IRQn=true\:5\:0\:false\:false\:true\:true\:true
NVIC.UART5_IRQn=true\:5\:0\:false\:false\:true\:true\:true
NVIC.UART7_IRQn=true\:5\:0\:false\:false\:true\:true\:true
NVIC.USART1_IRQn=true\:5\:0\:false\:false\:true\:true\:true
NVIC.USART2_IRQn=true\:5\:0\:false\:false\:true\:true\:true
NVIC.USART3_IRQn=true\:5\:0\:false\:false\:true\:true\:true
NVIC.UsageFault_IRQn=true\:0\:0\:false\:false\:true\:false\:false
PA0/WKUP.GPIOParameters=GPIO_Label
PA0/WKUP.GPIO_Label=AD_Temp_1
PA0/WKUP.Signal=ADCx_IN0
PA1.Mode=Asynchronous
PA1.Signal=UART4_RX
PA10.Mode=Asynchronous
PA10.Signal=USART1_RX
PA11.GPIOParameters=PinState,GPIO_PuPd,GPIO_Label,GPIO_ModeDefaultOutputPP
PA11.GPIO_Label=Valve4
PA11.GPIO_ModeDefaultOutputPP=GPIO_MODE_OUTPUT_PP
PA11.GPIO_PuPd=GPIO_PULLUP
PA11.Locked=true
PA11.PinState=GPIO_PIN_SET
PA11.Signal=GPIO_Output
PA12.GPIOParameters=PinState,GPIO_PuPd,GPIO_Label
PA12.GPIO_Label=Valve8
PA12.GPIO_PuPd=GPIO_PULLUP
PA12.Locked=true
PA12.PinState=GPIO_PIN_SET
PA12.Signal=GPIO_Output
PA13.GPIOParameters=GPIO_Label
PA13.GPIO_Label=TMS
PA13.Mode=JTAG_5_pins
PA13.Signal=SYS_JTMS-SWDIO
PA14.GPIOParameters=GPIO_Label
PA14.GPIO_Label=TCK
PA14.Mode=JTAG_5_pins
PA14.Signal=SYS_JTCK-SWCLK
PA15.GPIOParameters=GPIO_Label
PA15.GPIO_Label=TDI
PA15.Mode=JTAG_5_pins
PA15.Signal=SYS_JTDI
PA2.GPIOParameters=GPIO_Label
PA2.GPIO_Label=AD_Temp_2
PA2.Signal=ADCx_IN2
PA3.Signal=ADCx_IN3
PA4.GPIOParameters=PinState,GPIO_PuPd,GPIO_Label
PA4.GPIO_Label=SPI1_CS
PA4.GPIO_PuPd=GPIO_PULLUP
PA4.Locked=true
PA4.PinState=GPIO_PIN_SET
PA4.Signal=GPIO_Output
PA5.Mode=Full_Duplex_Master
PA5.Signal=SPI1_SCK
PA6.Mode=Full_Duplex_Master
PA6.Signal=SPI1_MISO
PA7.GPIOParameters=GPIO_Label
PA7.GPIO_Label=AD_High_Pressure
PA7.Signal=ADCx_IN7
PA8.Mode=I2C
PA8.Signal=I2C3_SCL
PA9.Mode=Asynchronous
PA9.Signal=USART1_TX
PB0.GPIOParameters=GPIO_Label
PB0.GPIO_Label=AD_Pressure_1
PB0.Signal=ADCx_IN8
PB1.GPIOParameters=GPIO_Label
PB1.GPIO_Label=AD_Pressure_4
PB1.Signal=ADCx_IN9
PB10.Mode=Asynchronous
PB10.Signal=USART3_TX
PB11.GPIOParameters=GPIO_Label
PB11.GPIO_Label=F1_EEPROM_DATA
PB11.Mode=I2C
PB11.Signal=I2C2_SDA
PB3.GPIOParameters=GPIO_Label
PB3.GPIO_Label=TDO
PB3.Locked=true
PB3.Mode=JTAG_5_pins
PB3.Signal=SYS_JTDO-SWO
PB4.GPIOParameters=GPIO_Label
PB4.GPIO_Label=RST
PB4.Locked=true
PB4.Mode=JTAG_5_pins
PB4.Signal=SYS_JTRST
PB5.Mode=Full_Duplex_Master
PB5.Signal=SPI1_MOSI
PB6.Mode=I2C
PB6.Signal=I2C1_SCL
PB7.Mode=I2C
PB7.Signal=I2C1_SDA
PC0.GPIOParameters=GPIO_Label
PC0.GPIO_Label=AD_Flow1_H
PC0.Signal=ADCx_IN10
PC1.GPIOParameters=GPIO_Label
PC1.GPIO_Label=AD_Flow1_L
PC1.Signal=ADCx_IN11
PC10.Mode=Asynchronous
PC10.Signal=UART4_TX
PC11.Mode=Asynchronous
PC11.Signal=USART3_RX
PC12.Mode=Asynchronous
PC12.Signal=UART5_TX
PC13.GPIOParameters=PinState,GPIO_PuPd,GPIO_Label
PC13.GPIO_Label=Valve12
PC13.GPIO_PuPd=GPIO_PULLUP
PC13.Locked=true
PC13.PinState=GPIO_PIN_SET
PC13.Signal=GPIO_Output
PC14/OSC32_IN.Mode=LSE-External-Oscillator
PC14/OSC32_IN.Signal=RCC_OSC32_IN
PC15/OSC32_OUT.Mode=LSE-External-Oscillator
PC15/OSC32_OUT.Signal=RCC_OSC32_OUT
PC2.GPIOParameters=GPIO_Label
PC2.GPIO_Label=AD_Flow2_H
PC2.Signal=ADCx_IN12
PC3.GPIOParameters=GPIO_Label
PC3.GPIO_Label=AD_Flow2_L
PC3.Signal=ADCx_IN13
PC4.GPIOParameters=GPIO_Label
PC4.GPIO_Label=AD_Pressure_2
PC4.Signal=ADCx_IN14
PC5.GPIOParameters=GPIO_Label
PC5.GPIO_Label=AD_Pressure_3
PC5.Signal=ADCx_IN15
PC6.GPIOParameters=GPIO_Label
PC6.GPIO_Label=PWM1
PC6.Signal=S_TIM8_CH1
PC7.GPIOParameters=GPIO_Label
PC7.GPIO_Label=PWM2
PC7.Signal=S_TIM8_CH2
PC8.GPIOParameters=GPIO_Label
PC8.GPIO_Label=PWM3
PC8.Signal=S_TIM8_CH3
PC9.GPIOParameters=GPIO_Label
PC9.GPIO_Label=PWM4
PC9.Signal=S_TIM8_CH4
PCC.Battery=Li-MnO2(CR2032)
PCC.Battery.Capacity=225.0
PCC.Battery.Compatibility=Yes
PCC.Battery.InParallel=1
PCC.Battery.InSeries=1
PCC.Battery.MaxContinuous=3.0
PCC.Battery.MaxPulseCurrent=15.0
PCC.Battery.NominalVoltage=3.0
PCC.Battery.SelfDischarge=0.12
PCC.Checker=false
PCC.Line=STM32F429/439
PCC.MCU=STM32F439B(G-I)Tx
PCC.PartNumber=STM32F439BITx
PCC.Seq0=0
PCC.Series=STM32F4
PCC.Temperature=25
PCC.Vdd=3.3
PD0.Signal=FMC_D2_DA2
PD1.Signal=FMC_D3_DA3
PD10.Signal=FMC_D15_DA15
PD11.GPIOParameters=GPIO_PuPd,GPIO_Label
PD11.GPIO_Label=Blower_Enable
PD11.GPIO_PuPd=GPIO_PULLUP
PD11.Locked=true
PD11.Signal=GPIO_Output
PD12.GPIOParameters=GPIO_Speed,GPIO_PuPd,GPIO_Label
PD12.GPIO_Label=Hall_CH1
PD12.GPIO_PuPd=GPIO_PULLUP
PD12.GPIO_Speed=GPIO_SPEED_FREQ_HIGH
PD12.Signal=S_TIM4_CH1
PD13.GPIOParameters=GPIO_Speed,GPIO_PuPd,GPIO_Label
PD13.GPIO_Label=Hall_CH2
PD13.GPIO_PuPd=GPIO_PULLUP
PD13.GPIO_Speed=GPIO_SPEED_FREQ_HIGH
PD13.Signal=S_TIM4_CH2
PD14.Signal=FMC_D0_DA0
PD15.Signal=FMC_D1_DA1
PD2.Mode=Asynchronous
PD2.Signal=UART5_RX
PD5.Mode=Asynchronous
PD5.Signal=USART2_TX
PD6.Mode=Asynchronous
PD6.Signal=USART2_RX
PD8.Signal=FMC_D13_DA13
PD9.Signal=FMC_D14_DA14
PE0.Signal=FMC_NBL0
PE1.Signal=FMC_NBL1
PE10.Signal=FMC_D7_DA7
PE11.Signal=FMC_D8_DA8
PE12.Signal=FMC_D9_DA9
PE13.Signal=FMC_D10_DA10
PE14.Signal=FMC_D11_DA11
PE15.Signal=FMC_D12_DA12
PE2.Mode=Full_Duplex_Master
PE2.Signal=SPI4_SCK
PE4.Mode=NSS_Signal_Hard_Output
PE4.Signal=SPI4_NSS
PE5.Mode=Full_Duplex_Master
PE5.Signal=SPI4_MISO
PE6.Mode=Full_Duplex_Master
PE6.Signal=SPI4_MOSI
PE7.Signal=FMC_D4_DA4
PE8.Signal=FMC_D5_DA5
PE9.Signal=FMC_D6_DA6
PF0.Signal=FMC_A0
PF1.Signal=FMC_A1
PF10.GPIOParameters=GPIO_Label
PF10.GPIO_Label=AD_Oxygen
PF10.Mode=IN8
PF10.Signal=ADC3_IN8
PF11.GPIOParameters=GPIO_Label
PF11.GPIO_Label=SDRAM_RAS
PF11.Signal=FMC_SDNRAS
PF12.Signal=FMC_A6
PF13.Signal=FMC_A7
PF14.Signal=FMC_A8
PF15.Signal=FMC_A9
PF2.Signal=FMC_A2
PF3.Signal=FMC_A3
PF4.Signal=FMC_A4
PF5.Signal=FMC_A5
PF6.Mode=Asynchronous
PF6.Signal=UART7_RX
PF7.Mode=Asynchronous
PF7.Signal=UART7_TX
PF8.GPIOParameters=GPIO_Label
PF8.GPIO_Label=AD_Flow_Air/O2
PF8.Mode=IN6
PF8.Signal=ADC3_IN6
PF9.GPIOParameters=GPIO_Label
PF9.GPIO_Label=AD_OEM_Temp
PF9.Mode=IN7
PF9.Signal=ADC3_IN7
PG0.Signal=FMC_A10
PG1.Signal=FMC_A11
PG10.GPIOParameters=GPIO_Label
PG10.GPIO_Label=SW05
PG10.Locked=true
PG10.Signal=GPIO_Input
PG11.GPIOParameters=GPIO_Label
PG11.GPIO_Label=SW04
PG11.Locked=true
PG11.Signal=GPIO_Input
PG12.GPIOParameters=GPIO_Label
PG12.GPIO_Label=SW03
PG12.Locked=true
PG12.Signal=GPIO_Input
PG13.GPIOParameters=GPIO_Label
PG13.GPIO_Label=SW02
PG13.Locked=true
PG13.Signal=GPIO_Input
PG15.GPIOParameters=GPIO_Label
PG15.GPIO_Label=SDRAM_CAS
PG15.Signal=FMC_SDNCAS
PG2.Signal=FMC_A12
PG4.Signal=FMC_A14_BA0
PG5.Signal=FMC_A15_BA1
PG8.GPIOParameters=GPIO_Label
PG8.GPIO_Label=SDRAM_CLK
PG8.Signal=FMC_SDCLK
PH0/OSC_IN.Mode=HSE-External-Oscillator
PH0/OSC_IN.Signal=RCC_OSC_IN
PH1/OSC_OUT.Mode=HSE-External-Oscillator
PH1/OSC_OUT.Signal=RCC_OSC_OUT
PH10.GPIOParameters=GPIO_Speed,GPIO_PuPd,GPIO_Label
PH10.GPIO_Label=Hall_CH3
PH10.GPIO_PuPd=GPIO_PULLUP
PH10.GPIO_Speed=GPIO_SPEED_FREQ_HIGH
PH10.Signal=S_TIM5_CH1
PH11.GPIOParameters=GPIO_Speed,PinState,GPIO_PuPd,GPIO_Label
PH11.GPIO_Label=SD_PWR
PH11.GPIO_PuPd=GPIO_PULLUP
PH11.GPIO_Speed=GPIO_SPEED_FREQ_HIGH
PH11.Locked=true
PH11.PinState=GPIO_PIN_SET
PH11.Signal=GPIO_Output
PH12.GPIOParameters=GPIO_Speed,PinState,GPIO_PuPd,GPIO_Label
PH12.GPIO_Label=SD_INS
PH12.GPIO_PuPd=GPIO_PULLUP
PH12.GPIO_Speed=GPIO_SPEED_FREQ_HIGH
PH12.Locked=true
PH12.PinState=GPIO_PIN_SET
PH12.Signal=GPIO_Output
PH13.GPIOParameters=PinState,GPIO_PuPd,GPIO_Label
PH13.GPIO_Label=Valve3
PH13.GPIO_PuPd=GPIO_PULLUP
PH13.Locked=true
PH13.PinState=GPIO_PIN_SET
PH13.Signal=GPIO_Output
PH14.GPIOParameters=PinState,GPIO_PuPd,GPIO_Label
PH14.GPIO_Label=Valve7
PH14.GPIO_PuPd=GPIO_PULLUP
PH14.Locked=true
PH14.PinState=GPIO_PIN_SET
PH14.Signal=GPIO_Output
PH15.GPIOParameters=PinState,GPIO_PuPd,GPIO_Label
PH15.GPIO_Label=Valve2
PH15.GPIO_PuPd=GPIO_PULLUP
PH15.Locked=true
PH15.PinState=GPIO_PIN_SET
PH15.Signal=GPIO_Output
PH3.GPIOParameters=PinState,GPIO_PuPd,GPIO_Label
PH3.GPIO_Label=F1_EEPROM_WP
PH3.GPIO_PuPd=GPIO_PULLUP
PH3.Locked=true
PH3.PinState=GPIO_PIN_SET
PH3.Signal=GPIO_Output
PH4.GPIOParameters=GPIO_Label
PH4.GPIO_Label=F1_EEPROM_CLK
PH4.Mode=I2C
PH4.Signal=I2C2_SCL
PH5.GPIOParameters=GPIO_Label
PH5.GPIO_Label=SDRAM_WE
PH5.Signal=FMC_SDNWE
PH6.GPIOParameters=GPIO_Label
PH6.GPIO_Label=SDRAM_CS
PH6.Mode=SdramChipSelect2_1
PH6.Signal=FMC_SDNE1
PH7.GPIOParameters=GPIO_Label
PH7.GPIO_Label=SDRAM_CKE
PH7.Mode=SdramChipSelect2_1
PH7.Signal=FMC_SDCKE1
PH8.Mode=I2C
PH8.Signal=I2C3_SDA
PI0.GPIOParameters=PinState,GPIO_PuPd,GPIO_Label
PI0.GPIO_Label=Valve6
PI0.GPIO_PuPd=GPIO_PULLUP
PI0.Locked=true
PI0.PinState=GPIO_PIN_SET
PI0.Signal=GPIO_Output
PI1.GPIOParameters=PinState,GPIO_PuPd,GPIO_Label
PI1.GPIO_Label=Valve1
PI1.GPIO_PuPd=GPIO_PULLUP
PI1.Locked=true
PI1.PinState=GPIO_PIN_SET
PI1.Signal=GPIO_Output
PI10.GPIOParameters=GPIO_Speed,PinState,GPIO_PuPd,GPIO_Label
PI10.GPIO_Label=Valve10
PI10.GPIO_PuPd=GPIO_PULLUP
PI10.GPIO_Speed=GPIO_SPEED_FREQ_LOW
PI10.Locked=true
PI10.PinState=GPIO_PIN_SET
PI10.Signal=GPIO_Output
PI11.GPIOParameters=GPIO_Speed,PinState,GPIO_PuPd,GPIO_Label
PI11.GPIO_Label=Valve9
PI11.GPIO_PuPd=GPIO_PULLUP
PI11.GPIO_Speed=GPIO_SPEED_FREQ_LOW
PI11.Locked=true
PI11.PinState=GPIO_PIN_SET
PI11.Signal=GPIO_Output
PI12.GPIOParameters=GPIO_Speed,PinState,GPIO_PuPd,GPIO_Label
PI12.GPIO_Label=H_Valve_2
PI12.GPIO_PuPd=GPIO_PULLUP
PI12.GPIO_Speed=GPIO_SPEED_FREQ_LOW
PI12.Locked=true
PI12.PinState=GPIO_PIN_SET
PI12.Signal=GPIO_Output
PI13.GPIOParameters=GPIO_Speed,PinState,GPIO_PuPd,GPIO_Label
PI13.GPIO_Label=H_Valve_1
PI13.GPIO_PuPd=GPIO_PULLUP
PI13.GPIO_Speed=GPIO_SPEED_FREQ_LOW
PI13.Locked=true
PI13.PinState=GPIO_PIN_SET
PI13.Signal=GPIO_Output
PI14.GPIOParameters=GPIO_Speed,GPIO_PuPd,GPIO_Label
PI14.GPIO_Label=Valve_Enable_B
PI14.GPIO_PuPd=GPIO_PULLUP
PI14.GPIO_Speed=GPIO_SPEED_FREQ_LOW
PI14.Locked=true
PI14.Signal=GPIO_Output
PI15.GPIOParameters=PinState,GPIO_Label
PI15.GPIO_Label=LED3
PI15.Locked=true
PI15.PinState=GPIO_PIN_RESET
PI15.Signal=GPIO_Output
PI2.GPIOParameters=PinState,GPIO_Label
PI2.GPIO_Label=Valve5
PI2.Locked=true
PI2.PinState=GPIO_PIN_SET
PI2.Signal=GPIO_Output
PI3.GPIOParameters=GPIO_Label
PI3.GPIO_Label=BUZZER
PI3.Locked=true
PI3.Signal=GPIO_Output
PI8.GPIOParameters=GPIO_Label
PI8.GPIO_Label=Valve_Enable_A
PI8.Locked=true
PI8.Signal=GPIO_Output
PI9.GPIOParameters=GPIO_Speed,PinState,GPIO_PuPd,GPIO_Label
PI9.GPIO_Label=Valve11
PI9.GPIO_PuPd=GPIO_PULLUP
PI9.GPIO_Speed=GPIO_SPEED_FREQ_LOW
PI9.Locked=true
PI9.PinState=GPIO_PIN_SET
PI9.Signal=GPIO_Output
PJ0.GPIOParameters=PinState,GPIO_Label
PJ0.GPIO_Label=RUN-LED
PJ0.Locked=true
PJ0.PinState=GPIO_PIN_RESET
PJ0.Signal=GPIO_Output
PJ1.GPIOParameters=GPIO_Label
PJ1.GPIO_Label=LED4
PJ1.Locked=true
PJ1.Signal=GPIO_Output
PJ15.GPIOParameters=GPIO_Label
PJ15.GPIO_Label=SW06
PJ15.Locked=true
PJ15.Signal=GPIO_Input
PJ2.GPIOParameters=GPIO_Label
PJ2.GPIO_Label=LED1
PJ2.Locked=true
PJ2.Signal=GPIO_Output
PJ3.GPIOParameters=GPIO_Label
PJ3.GPIO_Label=LED5
PJ3.Locked=true
PJ3.Signal=GPIO_Output
PJ4.GPIOParameters=GPIO_Label
PJ4.GPIO_Label=LED2
PJ4.Locked=true
PJ4.Signal=GPIO_Output
PJ5.GPIOParameters=GPIO_Speed,GPIO_Label
PJ5.GPIO_Label=IO_PG5
PJ5.GPIO_Speed=GPIO_SPEED_FREQ_HIGH
PJ5.Locked=true
PJ5.Signal=GPIO_Output
PJ6.GPIOParameters=GPIO_Speed,PinState,GPIO_PuPd,GPIO_Label
PJ6.GPIO_Label=_Disable
PJ6.GPIO_PuPd=GPIO_PULLUP
PJ6.GPIO_Speed=GPIO_SPEED_FREQ_HIGH
PJ6.Locked=true
PJ6.PinState=GPIO_PIN_SET
PJ6.Signal=GPIO_Output
PJ7.GPIOParameters=GPIO_Speed,PinState,GPIO_PuPd,GPIO_Label
PJ7.GPIO_Label=Direction
PJ7.GPIO_PuPd=GPIO_PULLUP
PJ7.GPIO_Speed=GPIO_SPEED_FREQ_HIGH
PJ7.Locked=true
PJ7.PinState=GPIO_PIN_SET
PJ7.Signal=GPIO_Output
PJ8.GPIOParameters=GPIO_Speed,GPIO_PuPd,GPIO_Label
PJ8.GPIO_Label=AUX
PJ8.GPIO_PuPd=GPIO_PULLUP
PJ8.GPIO_Speed=GPIO_SPEED_FREQ_HIGH
PJ8.Locked=true
PJ8.Signal=GPIO_Output
PJ9.GPIOParameters=GPIO_Label
PJ9.GPIO_Label=_Brake
PJ9.Locked=true
PJ9.Signal=GPIO_Output
PK3.GPIOParameters=GPIO_Label
PK3.GPIO_Label=SW01
PK3.Locked=true
PK3.Signal=GPIO_Input
PK4.GPIOParameters=GPIO_Label
PK4.GPIO_Label=SW07
PK4.Locked=true
PK4.Signal=GPIO_Input
PK5.GPIOParameters=GPIO_Label
PK5.GPIO_Label=SW08
PK5.Locked=true
PK5.Signal=GPIO_Input
PK6.GPIOParameters=GPIO_Label
PK6.GPIO_Label=SW09
PK6.Locked=true
PK6.Signal=GPIO_Input
PK7.GPIOParameters=GPIO_Label
PK7.GPIO_Label=SW10
PK7.Locked=true
PK7.Signal=GPIO_Input
PinOutPanel.RotationAngle=0
ProjectManager.AskForMigrate=true
ProjectManager.BackupPrevious=false
ProjectManager.CompilerOptimize=6
ProjectManager.ComputerToolchain=false
ProjectManager.CoupleFile=false
ProjectManager.CustomerFirmwarePackage=
ProjectManager.DefaultFWLocation=true
ProjectManager.DeletePrevious=true
ProjectManager.DeviceId=STM32F439BITx
ProjectManager.FirmwarePackage=STM32Cube FW_F4 V1.23.0
ProjectManager.FreePins=false
ProjectManager.HalAssertFull=false
ProjectManager.HeapSize=0x200
ProjectManager.KeepUserCode=false
ProjectManager.LastFirmware=true
ProjectManager.LibraryCopy=0
ProjectManager.MainLocation=Core/Src
ProjectManager.NoMain=false
ProjectManager.PreviousToolchain=
ProjectManager.ProjectBuild=false
ProjectManager.ProjectFileName=vent_new.ioc
ProjectManager.ProjectName=vent_new
ProjectManager.StackSize=0x400
ProjectManager.TargetToolchain=MDK-ARM V5
ProjectManager.ToolChainLocation=
ProjectManager.UnderRoot=false
ProjectManager.functionlistsort=1-MX_GPIO_Init-GPIO-false-HAL-true,2-MX_DMA_Init-DMA-false-HAL-true,3-SystemClock_Config-RCC-false-HAL-true,4-MX_ADC1_Init-ADC1-false-HAL-true,5-MX_ADC2_Init-ADC2-false-HAL-true,6-MX_ADC3_Init-ADC3-false-HAL-true,7-MX_FMC_Init-FMC-false-HAL-true,8-MX_I2C1_Init-I2C1-false-HAL-true,9-MX_I2C2_Init-I2C2-false-HAL-true,10-MX_I2C3_Init-I2C3-false-HAL-true,11-MX_RTC_Init-RTC-false-HAL-true,12-MX_SPI1_Init-SPI1-false-HAL-true,13-MX_SPI4_Init-SPI4-false-HAL-true,14-MX_TIM4_Init-TIM4-false-HAL-true,15-MX_TIM5_Init-TIM5-false-HAL-true,16-MX_TIM8_Init-TIM8-false-HAL-true,17-MX_UART4_Init-UART4-false-HAL-true,18-MX_UART5_Init-UART5-false-HAL-true,19-MX_UART7_Init-UART7-false-HAL-true,20-MX_USART1_UART_Init-USART1-false-HAL-true,21-MX_USART2_UART_Init-USART2-false-HAL-true,22-MX_USART3_UART_Init-USART3-false-HAL-true,23-MX_TIM6_Init-TIM6-false-HAL-true,24-MX_TIM7_Init-TIM7-false-HAL-true
RCC.48MHZClocksFreq_Value=88473600
RCC.AHBCLKDivider=RCC_SYSCLK_DIV2
RCC.AHBFreq_Value=88473600
RCC.APB1CLKDivider=RCC_HCLK_DIV2
RCC.APB1Freq_Value=44236800
RCC.APB1TimFreq_Value=88473600
RCC.APB2Freq_Value=88473600
RCC.APB2TimFreq_Value=88473600
RCC.CortexFreq_Value=88473600
RCC.EthernetFreq_Value=176947200
RCC.FCLKCortexFreq_Value=88473600
RCC.FamilyName=M
RCC.HCLKFreq_Value=88473600
RCC.HSE_VALUE=22118400
RCC.HSI_VALUE=16000000
RCC.I2SClocksFreq_Value=176947200
RCC.IPParameters=48MHZClocksFreq_Value,AHBCLKDivider,AHBFreq_Value,APB1CLKDivider,APB1Freq_Value,APB1TimFreq_Value,APB2Freq_Value,APB2TimFreq_Value,CortexFreq_Value,EthernetFreq_Value,FCLKCortexFreq_Value,FamilyName,HCLKFreq_Value,HSE_VALUE,HSI_VALUE,I2SClocksFreq_Value,LCDTFTFreq_Value,LSI_VALUE,MCO2PinFreq_Value,PLLCLKFreq_Value,PLLM,PLLQCLKFreq_Value,PLLSourceVirtual,RCC_RTC_Clock_Source,RCC_RTC_Clock_SourceVirtual,RTCFreq_Value,RTCHSEDivFreq_Value,SAI_AClocksFreq_Value,SAI_BClocksFreq_Value,SYSCLKFreq_VALUE,SYSCLKSource,VCOI2SOutputFreq_Value,VCOInputFreq_Value,VCOOutputFreq_Value,VCOSAIOutputFreq_Value,VCOSAIOutputFreq_ValueQ,VCOSAIOutputFreq_ValueR,VcooutputI2S,VcooutputI2SQ
RCC.LCDTFTFreq_Value=22579200
RCC.LSI_VALUE=32000
RCC.MCO2PinFreq_Value=176947200
RCC.PLLCLKFreq_Value=176947200
RCC.PLLM=12
RCC.PLLQCLKFreq_Value=88473600
RCC.PLLSourceVirtual=RCC_PLLSOURCE_HSE
RCC.RCC_RTC_Clock_Source=RCC_RTCCLKSOURCE_LSE
RCC.RCC_RTC_Clock_SourceVirtual=RCC_RTCCLKSOURCE_LSE
RCC.RTCFreq_Value=32768
RCC.RTCHSEDivFreq_Value=11059200
RCC.SAI_AClocksFreq_Value=22579200
RCC.SAI_BClocksFreq_Value=22579200
RCC.SYSCLKFreq_VALUE=176947200
RCC.SYSCLKSource=RCC_SYSCLKSOURCE_PLLCLK
RCC.VCOI2SOutputFreq_Value=353894400
RCC.VCOInputFreq_Value=1843200
RCC.VCOOutputFreq_Value=353894400
RCC.VCOSAIOutputFreq_Value=90316800
RCC.VCOSAIOutputFreq_ValueQ=22579200
RCC.VCOSAIOutputFreq_ValueR=45158400
RCC.VcooutputI2S=176947200
RCC.VcooutputI2SQ=176947200
RTC.Date=16
RTC.Hours=15
RTC.IPParameters=Date,Month,WeekDay,Hours,Minutes,Seconds,Year
RTC.IPParametersWithoutCheck=Year
RTC.Minutes=59
RTC.Month=RTC_MONTH_MARCH
RTC.Seconds=50
RTC.WeekDay=RTC_WEEKDAY_FRIDAY
RTC.Year=18
SH.ADCx_IN0.0=ADC1_IN0,IN0
SH.ADCx_IN0.1=ADC2_IN0,IN0
SH.ADCx_IN0.ConfNb=2
SH.ADCx_IN10.0=ADC1_IN10,IN10
SH.ADCx_IN10.1=ADC2_IN10,IN10
SH.ADCx_IN10.ConfNb=2
SH.ADCx_IN11.0=ADC1_IN11,IN11
SH.ADCx_IN11.1=ADC2_IN11,IN11
SH.ADCx_IN11.ConfNb=2
SH.ADCx_IN12.0=ADC1_IN12,IN12
SH.ADCx_IN12.1=ADC2_IN12,IN12
SH.ADCx_IN12.ConfNb=2
SH.ADCx_IN13.0=ADC1_IN13,IN13
SH.ADCx_IN13.1=ADC2_IN13,IN13
SH.ADCx_IN13.ConfNb=2
SH.ADCx_IN14.0=ADC1_IN14,IN14
SH.ADCx_IN14.1=ADC2_IN14,IN14
SH.ADCx_IN14.ConfNb=2
SH.ADCx_IN15.0=ADC1_IN15,IN15
SH.ADCx_IN15.1=ADC2_IN15,IN15
SH.ADCx_IN15.ConfNb=2
SH.ADCx_IN2.0=ADC1_IN2,IN2
SH.ADCx_IN2.1=ADC2_IN2,IN2
SH.ADCx_IN2.ConfNb=2
SH.ADCx_IN3.0=ADC1_IN3,IN3
SH.ADCx_IN3.1=ADC2_IN3,IN3
SH.ADCx_IN3.ConfNb=2
SH.ADCx_IN7.0=ADC1_IN7,IN7
SH.ADCx_IN7.1=ADC2_IN7,IN7
SH.ADCx_IN7.ConfNb=2
SH.ADCx_IN8.0=ADC1_IN8,IN8
SH.ADCx_IN8.1=ADC2_IN8,IN8
SH.ADCx_IN8.ConfNb=2
SH.ADCx_IN9.0=ADC2_IN9,IN9
SH.ADCx_IN9.1=ADC1_IN9,IN9
SH.ADCx_IN9.ConfNb=2
SH.FMC_A0.0=FMC_A0,13b-sda1
SH.FMC_A0.ConfNb=1
SH.FMC_A1.0=FMC_A1,13b-sda1
SH.FMC_A1.ConfNb=1
SH.FMC_A10.0=FMC_A10,13b-sda1
SH.FMC_A10.ConfNb=1
SH.FMC_A11.0=FMC_A11,13b-sda1
SH.FMC_A11.ConfNb=1
SH.FMC_A12.0=FMC_A12,13b-sda1
SH.FMC_A12.ConfNb=1
SH.FMC_A14_BA0.0=FMC_BA0,FourSdramBanks1
SH.FMC_A14_BA0.ConfNb=1
SH.FMC_A15_BA1.0=FMC_BA1,FourSdramBanks1
SH.FMC_A15_BA1.ConfNb=1
SH.FMC_A2.0=FMC_A2,13b-sda1
SH.FMC_A2.ConfNb=1
SH.FMC_A3.0=FMC_A3,13b-sda1
SH.FMC_A3.ConfNb=1
SH.FMC_A4.0=FMC_A4,13b-sda1
SH.FMC_A4.ConfNb=1
SH.FMC_A5.0=FMC_A5,13b-sda1
SH.FMC_A5.ConfNb=1
SH.FMC_A6.0=FMC_A6,13b-sda1
SH.FMC_A6.ConfNb=1
SH.FMC_A7.0=FMC_A7,13b-sda1
SH.FMC_A7.ConfNb=1
SH.FMC_A8.0=FMC_A8,13b-sda1
SH.FMC_A8.ConfNb=1
SH.FMC_A9.0=FMC_A9,13b-sda1
SH.FMC_A9.ConfNb=1
SH.FMC_D0_DA0.0=FMC_D0,sd-16b-d1
SH.FMC_D0_DA0.ConfNb=1
SH.FMC_D10_DA10.0=FMC_D10,sd-16b-d1
SH.FMC_D10_DA10.ConfNb=1
SH.FMC_D11_DA11.0=FMC_D11,sd-16b-d1
SH.FMC_D11_DA11.ConfNb=1
SH.FMC_D12_DA12.0=FMC_D12,sd-16b-d1
SH.FMC_D12_DA12.ConfNb=1
SH.FMC_D13_DA13.0=FMC_D13,sd-16b-d1
SH.FMC_D13_DA13.ConfNb=1
SH.FMC_D14_DA14.0=FMC_D14,sd-16b-d1
SH.FMC_D14_DA14.ConfNb=1
SH.FMC_D15_DA15.0=FMC_D15,sd-16b-d1
SH.FMC_D15_DA15.ConfNb=1
SH.FMC_D1_DA1.0=FMC_D1,sd-16b-d1
SH.FMC_D1_DA1.ConfNb=1
SH.FMC_D2_DA2.0=FMC_D2,sd-16b-d1
SH.FMC_D2_DA2.ConfNb=1
SH.FMC_D3_DA3.0=FMC_D3,sd-16b-d1
SH.FMC_D3_DA3.ConfNb=1
SH.FMC_D4_DA4.0=FMC_D4,sd-16b-d1
SH.FMC_D4_DA4.ConfNb=1
SH.FMC_D5_DA5.0=FMC_D5,sd-16b-d1
SH.FMC_D5_DA5.ConfNb=1
SH.FMC_D6_DA6.0=FMC_D6,sd-16b-d1
SH.FMC_D6_DA6.ConfNb=1
SH.FMC_D7_DA7.0=FMC_D7,sd-16b-d1
SH.FMC_D7_DA7.ConfNb=1
SH.FMC_D8_DA8.0=FMC_D8,sd-16b-d1
SH.FMC_D8_DA8.ConfNb=1
SH.FMC_D9_DA9.0=FMC_D9,sd-16b-d1
SH.FMC_D9_DA9.ConfNb=1
SH.FMC_NBL0.0=FMC_NBL0,Sd2ByteEnable1
SH.FMC_NBL0.ConfNb=1
SH.FMC_NBL1.0=FMC_NBL1,Sd2ByteEnable1
SH.FMC_NBL1.ConfNb=1
SH.FMC_SDCLK.0=FMC_SDCLK,13b-sda1
SH.FMC_SDCLK.ConfNb=1
SH.FMC_SDNCAS.0=FMC_SDNCAS,13b-sda1
SH.FMC_SDNCAS.ConfNb=1
SH.FMC_SDNRAS.0=FMC_SDNRAS,13b-sda1
SH.FMC_SDNRAS.ConfNb=1
SH.FMC_SDNWE.0=FMC_SDNWE,13b-sda1
SH.FMC_SDNWE.ConfNb=1
SH.S_TIM4_CH1.0=TIM4_CH1,Input_Capture1_from_TI1
SH.S_TIM4_CH1.ConfNb=1
SH.S_TIM4_CH2.0=TIM4_CH2,Input_Capture2_from_TI2
SH.S_TIM4_CH2.ConfNb=1
SH.S_TIM5_CH1.0=TIM5_CH1,Input_Capture1_from_TI1
SH.S_TIM5_CH1.ConfNb=1
SH.S_TIM8_CH1.0=TIM8_CH1,PWM Generation1 CH1
SH.S_TIM8_CH1.ConfNb=1
SH.S_TIM8_CH2.0=TIM8_CH2,PWM Generation2 CH2
SH.S_TIM8_CH2.ConfNb=1
SH.S_TIM8_CH3.0=TIM8_CH3,PWM Generation3 CH3
SH.S_TIM8_CH3.ConfNb=1
SH.S_TIM8_CH4.0=TIM8_CH4,PWM Generation4 CH4
SH.S_TIM8_CH4.ConfNb=1
SPI1.BaudRatePrescaler=SPI_BAUDRATEPRESCALER_2
SPI1.CLKPolarity=SPI_POLARITY_LOW
SPI1.CalculateBaudRate=44.2368 MBits/s
SPI1.Direction=SPI_DIRECTION_2LINES
SPI1.IPParameters=VirtualType,Mode,Direction,CalculateBaudRate,BaudRatePrescaler,CLKPolarity
SPI1.Mode=SPI_MODE_MASTER
SPI1.VirtualType=VM_MASTER
SPI4.BaudRatePrescaler=SPI_BAUDRATEPRESCALER_2
SPI4.CalculateBaudRate=44.2368 MBits/s
SPI4.Direction=SPI_DIRECTION_2LINES
SPI4.IPParameters=VirtualType,Mode,Direction,CalculateBaudRate,VirtualNSS,BaudRatePrescaler
SPI4.Mode=SPI_MODE_MASTER
SPI4.VirtualNSS=VM_NSSHARD
SPI4.VirtualType=VM_MASTER
TIM4.Channel-Input_Capture1_from_TI1=TIM_CHANNEL_1
TIM4.Channel-Input_Capture2_from_TI2=TIM_CHANNEL_2
TIM4.ICFilter_CH1=4
TIM4.ICFilter_CH2=4
TIM4.IPParameters=Channel-Input_Capture1_from_TI1,Channel-Input_Capture2_from_TI2,TIM_MasterOutputTrigger,Period,Prescaler,ICFilter_CH1,ICFilter_CH2
TIM4.IPParametersWithoutCheck=Prescaler,Period
TIM4.Period=0
TIM4.Prescaler=16
TIM4.TIM_MasterOutputTrigger=TIM_TRGO_ENABLE
TIM5.Channel-Input_Capture1_from_TI1=TIM_CHANNEL_1
TIM5.IPParameters=Channel-Input_Capture1_from_TI1
TIM6.IPParameters=Prescaler,Period
TIM6.Period=1536
TIM6.Prescaler=57600
TIM7.IPParameters=Prescaler,Period
TIM7.Period=44
TIM7.Prescaler=1
TIM8.BreakPolarity=TIM_BREAKPOLARITY_HIGH
TIM8.BreakState=TIM_BREAK_DISABLE
TIM8.Channel-PWM\ Generation1\ CH1=TIM_CHANNEL_1
TIM8.Channel-PWM\ Generation2\ CH2=TIM_CHANNEL_2
TIM8.Channel-PWM\ Generation3\ CH3=TIM_CHANNEL_3
TIM8.Channel-PWM\ Generation4\ CH4=TIM_CHANNEL_4
TIM8.IPParameters=Channel-PWM Generation1 CH1,Prescaler,Period,Pulse-PWM Generation1 CH1,Channel-PWM Generation3 CH3,Channel-PWM Generation4 CH4,Pulse-PWM Generation3 CH3,Pulse-PWM Generation4 CH4,Channel-PWM Generation2 CH2,OCPolarity_2,OCPolarity_1,OCPolarity_3,OCPolarity_4,BreakPolarity,BreakState
TIM8.OCPolarity_1=TIM_OCPOLARITY_HIGH
TIM8.OCPolarity_2=TIM_OCPOLARITY_HIGH
TIM8.OCPolarity_3=TIM_OCPOLARITY_HIGH
TIM8.OCPolarity_4=TIM_OCPOLARITY_HIGH
TIM8.Period=4000
TIM8.Prescaler=6
TIM8.Pulse-PWM\ Generation1\ CH1=0
TIM8.Pulse-PWM\ Generation3\ CH3=0
TIM8.Pulse-PWM\ Generation4\ CH4=0
UART4.IPParameters=VirtualMode
UART4.VirtualMode=Asynchronous
UART5.IPParameters=VirtualMode
UART5.VirtualMode=Asynchronous
UART7.IPParameters=VirtualMode
UART7.VirtualMode=Asynchronous
USART1.IPParameters=VirtualMode
USART1.VirtualMode=VM_ASYNC
USART2.IPParameters=VirtualMode
USART2.VirtualMode=VM_ASYNC
USART3.IPParameters=VirtualMode
USART3.VirtualMode=VM_ASYNC
VP_ADC1_Vref_Input.Mode=IN-Vrefint
VP_ADC1_Vref_Input.Signal=ADC1_Vref_Input
VP_FREERTOS_VS_ENABLE.Mode=Enabled
VP_FREERTOS_VS_ENABLE.Signal=FREERTOS_VS_ENABLE
VP_RTC_VS_RTC_Activate.Mode=RTC_Enabled
VP_RTC_VS_RTC_Activate.Signal=RTC_VS_RTC_Activate
VP_RTC_VS_RTC_Calendar.Mode=RTC_Calendar
VP_RTC_VS_RTC_Calendar.Signal=RTC_VS_RTC_Calendar
VP_RTC_VS_RTC_WakeUp_intern.Mode=WakeUp
VP_RTC_VS_RTC_WakeUp_intern.Signal=RTC_VS_RTC_WakeUp_intern
VP_SYS_VS_Systick.Mode=SysTick
VP_SYS_VS_Systick.Signal=SYS_VS_Systick
VP_TIM6_VS_ClockSourceINT.Mode=Enable_Timer
VP_TIM6_VS_ClockSourceINT.Signal=TIM6_VS_ClockSourceINT
VP_TIM7_VS_ClockSourceINT.Mode=Enable_Timer
VP_TIM7_VS_ClockSourceINT.Signal=TIM7_VS_ClockSourceINT
VP_TIM8_VS_ClockSourceINT.Mode=Internal
VP_TIM8_VS_ClockSourceINT.Signal=TIM8_VS_ClockSourceINT
board=vent_new
